{
  "version": 4,
  "terraform_version": "0.13.1",
  "serial": 16,
  "lineage": "c1f18ee5-e452-3efa-5e80-c29c69d0d408",
  "outputs": {},
  "resources": [
    {
      "mode": "managed",
      "type": "aws_route_table",
      "name": "rtb-006b1040443ad832a",
      "provider": "provider[\"registry.terraform.io/hashicorp/aws\"]",
      "instances": [
        {
          "schema_version": 0,
          "attributes": {
            "id": "rtb-006b1040443ad832a",
            "owner_id": "965006678408",
            "propagating_vgws": [],
            "route": [
              {
                "cidr_block": "0.0.0.0/0",
                "egress_only_gateway_id": "",
                "gateway_id": "igw-0803f93bfcb0b3158",
                "instance_id": "",
                "ipv6_cidr_block": "",
                "nat_gateway_id": "",
                "network_interface_id": "",
                "transit_gateway_id": "",
                "vpc_peering_connection_id": ""
              }
            ],
            "tags": {},
            "vpc_id": "vpc-08ecdd9d68981bee5"
          },
          "private": "eyJzY2hlbWFfdmVyc2lvbiI6IjAifQ=="
        }
      ]
    },
    {
      "mode": "managed",
      "type": "aws_route_table",
      "name": "rtb-0d11efd69a6f5bd54",
      "provider": "provider[\"registry.terraform.io/hashicorp/aws\"]",
      "instances": [
        {
          "schema_version": 0,
          "attributes": {
            "id": "rtb-0d11efd69a6f5bd54",
            "owner_id": "965006678408",
            "propagating_vgws": [],
            "route": [],
            "tags": {},
            "vpc_id": "vpc-08ecdd9d68981bee5"
          },
          "private": "eyJzY2hlbWFfdmVyc2lvbiI6IjAifQ=="
        }
      ]
    },
    {
      "mode": "managed",
      "type": "aws_route_table",
      "name": "rtb-b685f2d0",
      "provider": "provider[\"registry.terraform.io/hashicorp/aws\"]",
      "instances": [
        {
          "schema_version": 0,
          "attributes": {
            "id": "rtb-b685f2d0",
            "owner_id": "965006678408",
            "propagating_vgws": [],
            "route": [
              {
                "cidr_block": "0.0.0.0/0",
                "egress_only_gateway_id": "",
                "gateway_id": "igw-9024ddf7",
                "instance_id": "",
                "ipv6_cidr_block": "",
                "nat_gateway_id": "",
                "network_interface_id": "",
                "transit_gateway_id": "",
                "vpc_peering_connection_id": ""
              }
            ],
            "tags": {},
            "vpc_id": "vpc-c043bba6"
          },
          "private": "eyJzY2hlbWFfdmVyc2lvbiI6IjAifQ=="
        }
      ]
    },
    {
      "mode": "managed",
      "type": "aws_route_table_association",
      "name": "rtb-006b1040443ad832a-rtbassoc-0a62f9adf8b403ba4",
      "provider": "provider[\"registry.terraform.io/hashicorp/aws\"]",
      "instances": [
        {
          "schema_version": 0,
          "attributes": {
            "gateway_id": null,
            "id": "rtbassoc-0a62f9adf8b403ba4",
            "route_table_id": "rtb-006b1040443ad832a",
            "subnet_id": "subnet-082e323ce59d549e3"
          },
          "private": "eyJzY2hlbWFfdmVyc2lvbiI6IjAifQ=="
        }
      ]
    },
    {
      "mode": "managed",
      "type": "aws_route_table_association",
      "name": "rtb-006b1040443ad832a-rtbassoc-0d04cc4a2a47010da",
      "provider": "provider[\"registry.terraform.io/hashicorp/aws\"]",
      "instances": [
        {
          "schema_version": 0,
          "attributes": {
            "gateway_id": null,
            "id": "rtbassoc-0d04cc4a2a47010da",
            "route_table_id": "rtb-006b1040443ad832a",
            "subnet_id": "subnet-01c1d06ee4451e7ff"
          },
          "private": "eyJzY2hlbWFfdmVyc2lvbiI6IjAifQ=="
        }
      ]
    },
    {
      "mode": "managed",
      "type": "aws_s3_bucket",
      "name": "cyberpunk202x",
      "provider": "provider[\"registry.terraform.io/hashicorp/aws\"]",
      "instances": [
        {
          "schema_version": 0,
          "attributes": {
            "acceleration_status": "",
            "acl": null,
            "arn": "arn:aws:s3:::cyberpunk202x",
            "bucket": "cyberpunk202x",
            "bucket_domain_name": "cyberpunk202x.s3.amazonaws.com",
            "bucket_prefix": null,
            "bucket_regional_domain_name": "cyberpunk202x.s3.us-west-1.amazonaws.com",
            "cors_rule": [],
            "force_destroy": null,
            "grant": [],
            "hosted_zone_id": "Z2F56UZL2M1ACD",
            "id": "cyberpunk202x",
            "lifecycle_rule": [],
            "logging": [],
            "object_lock_configuration": [],
            "policy": null,
            "region": "us-west-1",
            "replication_configuration": [],
            "request_payer": "BucketOwner",
            "server_side_encryption_configuration": [],
            "tags": {},
            "versioning": [
              {
                "enabled": false,
                "mfa_delete": false
              }
            ],
            "website": [],
            "website_domain": null,
            "website_endpoint": null
          },
          "private": "eyJzY2hlbWFfdmVyc2lvbiI6IjAifQ=="
        }
      ]
    },
    {
      "mode": "managed",
      "type": "aws_security_group",
      "name": "vpc-08ecdd9d68981bee5-EC2ContainerService-sq-EcsSecurityGroup-OD5N1VR8ZDSA",
      "provider": "provider[\"registry.terraform.io/hashicorp/aws\"]",
      "instances": [
        {
          "schema_version": 1,
          "attributes": {
            "arn": "arn:aws:ec2:us-west-1:965006678408:security-group/sg-0176e8021bec0c6b4",
            "description": "ECS Allowed Ports",
            "egress": [
              {
                "cidr_blocks": [
                  "0.0.0.0/0"
                ],
                "description": "",
                "from_port": 0,
                "ipv6_cidr_blocks": [],
                "prefix_list_ids": [],
                "protocol": "-1",
                "security_groups": [],
                "self": false,
                "to_port": 0
              }
            ],
            "id": "sg-0176e8021bec0c6b4",
            "ingress": [
              {
                "cidr_blocks": [
                  "0.0.0.0/0"
                ],
                "description": "",
                "from_port": 22,
                "ipv6_cidr_blocks": [],
                "prefix_list_ids": [],
                "protocol": "tcp",
                "security_groups": [],
                "self": false,
                "to_port": 22
              }
            ],
            "name": "EC2ContainerService-sq-EcsSecurityGroup-OD5N1VR8ZDSA",
            "name_prefix": "",
            "owner_id": "965006678408",
            "revoke_rules_on_delete": null,
            "tags": {},
            "timeouts": {
              "create": null,
              "delete": null
            },
            "vpc_id": "vpc-08ecdd9d68981bee5"
          },
          "private": "eyJlMmJmYjczMC1lY2FhLTExZTYtOGY4OC0zNDM2M2JjN2M0YzAiOnsiY3JlYXRlIjo2MDAwMDAwMDAwMDAsImRlbGV0ZSI6NjAwMDAwMDAwMDAwfSwic2NoZW1hX3ZlcnNpb24iOiIxIn0="
        }
      ]
    },
    {
      "mode": "managed",
      "type": "aws_security_group",
      "name": "vpc-08ecdd9d68981bee5-EFS-access-for-sg-0176e8021bec0c6b4",
      "provider": "provider[\"registry.terraform.io/hashicorp/aws\"]",
      "instances": [
        {
          "schema_version": 1,
          "attributes": {
            "arn": "arn:aws:ec2:us-west-1:965006678408:security-group/sg-0a69a1c70b137ad76",
            "description": "Allow EFS access for ECS",
            "egress": [
              {
                "cidr_blocks": [
                  "0.0.0.0/0"
                ],
                "description": "",
                "from_port": 0,
                "ipv6_cidr_blocks": [],
                "prefix_list_ids": [],
                "protocol": "-1",
                "security_groups": [],
                "self": false,
                "to_port": 0
              }
            ],
            "id": "sg-0a69a1c70b137ad76",
            "ingress": [
              {
                "cidr_blocks": [],
                "description": "Allow EFS access for ECS",
                "from_port": 2049,
                "ipv6_cidr_blocks": [],
                "prefix_list_ids": [],
                "protocol": "tcp",
                "security_groups": [
                  "sg-0176e8021bec0c6b4"
                ],
                "self": false,
                "to_port": 2049
              }
            ],
            "name": "EFS-access-for-sg-0176e8021bec0c6b4",
            "name_prefix": "",
            "owner_id": "965006678408",
            "revoke_rules_on_delete": null,
            "tags": {},
            "timeouts": {
              "create": null,
              "delete": null
            },
            "vpc_id": "vpc-08ecdd9d68981bee5"
          },
          "private": "eyJlMmJmYjczMC1lY2FhLTExZTYtOGY4OC0zNDM2M2JjN2M0YzAiOnsiY3JlYXRlIjo2MDAwMDAwMDAwMDAsImRlbGV0ZSI6NjAwMDAwMDAwMDAwfSwic2NoZW1hX3ZlcnNpb24iOiIxIn0="
        }
      ]
    },
    {
      "mode": "managed",
      "type": "aws_security_group",
      "name": "vpc-08ecdd9d68981bee5-default",
      "provider": "provider[\"registry.terraform.io/hashicorp/aws\"]",
      "instances": [
        {
          "schema_version": 1,
          "attributes": {
            "arn": "arn:aws:ec2:us-west-1:965006678408:security-group/sg-054dc2a574201ef5b",
            "description": "default VPC security group",
            "egress": [
              {
                "cidr_blocks": [
                  "0.0.0.0/0"
                ],
                "description": "",
                "from_port": 0,
                "ipv6_cidr_blocks": [],
                "prefix_list_ids": [],
                "protocol": "-1",
                "security_groups": [],
                "self": false,
                "to_port": 0
              }
            ],
            "id": "sg-054dc2a574201ef5b",
            "ingress": [
              {
                "cidr_blocks": [],
                "description": "",
                "from_port": 0,
                "ipv6_cidr_blocks": [],
                "prefix_list_ids": [],
                "protocol": "-1",
                "security_groups": [],
                "self": true,
                "to_port": 0
              }
            ],
            "name": "default",
            "name_prefix": "",
            "owner_id": "965006678408",
            "revoke_rules_on_delete": null,
            "tags": {},
            "timeouts": {
              "create": null,
              "delete": null
            },
            "vpc_id": "vpc-08ecdd9d68981bee5"
          },
          "private": "eyJlMmJmYjczMC1lY2FhLTExZTYtOGY4OC0zNDM2M2JjN2M0YzAiOnsiY3JlYXRlIjo2MDAwMDAwMDAwMDAsImRlbGV0ZSI6NjAwMDAwMDAwMDAwfSwic2NoZW1hX3ZlcnNpb24iOiIxIn0="
        }
      ]
    },
    {
      "mode": "managed",
      "type": "aws_security_group",
      "name": "vpc-08ecdd9d68981bee5-ecs-sq-6214",
      "provider": "provider[\"registry.terraform.io/hashicorp/aws\"]",
      "instances": [
        {
          "schema_version": 1,
          "attributes": {
            "arn": "arn:aws:ec2:us-west-1:965006678408:security-group/sg-0a5dc36885ec0b2e0",
            "description": "2020-09-27T18:22:11.391Z",
            "egress": [
              {
                "cidr_blocks": [
                  "0.0.0.0/0"
                ],
                "description": "",
                "from_port": 0,
                "ipv6_cidr_blocks": [],
                "prefix_list_ids": [],
                "protocol": "-1",
                "security_groups": [],
                "self": false,
                "to_port": 0
              }
            ],
            "id": "sg-0a5dc36885ec0b2e0",
            "ingress": [
              {
                "cidr_blocks": [
                  "0.0.0.0/0"
                ],
                "description": "",
                "from_port": 80,
                "ipv6_cidr_blocks": [],
                "prefix_list_ids": [],
                "protocol": "tcp",
                "security_groups": [],
                "self": false,
                "to_port": 80
              }
            ],
            "name": "ecs-sq-6214",
            "name_prefix": "",
            "owner_id": "965006678408",
            "revoke_rules_on_delete": null,
            "tags": {},
            "timeouts": {
              "create": null,
              "delete": null
            },
            "vpc_id": "vpc-08ecdd9d68981bee5"
          },
          "private": "eyJlMmJmYjczMC1lY2FhLTExZTYtOGY4OC0zNDM2M2JjN2M0YzAiOnsiY3JlYXRlIjo2MDAwMDAwMDAwMDAsImRlbGV0ZSI6NjAwMDAwMDAwMDAwfSwic2NoZW1hX3ZlcnNpb24iOiIxIn0="
        }
      ]
    },
    {
      "mode": "managed",
      "type": "aws_security_group",
      "name": "vpc-c043bba6-default",
      "provider": "provider[\"registry.terraform.io/hashicorp/aws\"]",
      "instances": [
        {
          "schema_version": 1,
          "attributes": {
            "arn": "arn:aws:ec2:us-west-1:965006678408:security-group/sg-04404b71",
            "description": "default VPC security group",
            "egress": [
              {
                "cidr_blocks": [
                  "0.0.0.0/0"
                ],
                "description": "",
                "from_port": 0,
                "ipv6_cidr_blocks": [],
                "prefix_list_ids": [],
                "protocol": "-1",
                "security_groups": [],
                "self": false,
                "to_port": 0
              }
            ],
            "id": "sg-04404b71",
            "ingress": [
              {
                "cidr_blocks": [],
                "description": "",
                "from_port": 0,
                "ipv6_cidr_blocks": [],
                "prefix_list_ids": [],
                "protocol": "-1",
                "security_groups": [],
                "self": true,
                "to_port": 0
              }
            ],
            "name": "default",
            "name_prefix": "",
            "owner_id": "965006678408",
            "revoke_rules_on_delete": null,
            "tags": {},
            "timeouts": {
              "create": null,
              "delete": null
            },
            "vpc_id": "vpc-c043bba6"
          },
          "private": "eyJlMmJmYjczMC1lY2FhLTExZTYtOGY4OC0zNDM2M2JjN2M0YzAiOnsiY3JlYXRlIjo2MDAwMDAwMDAwMDAsImRlbGV0ZSI6NjAwMDAwMDAwMDAwfSwic2NoZW1hX3ZlcnNpb24iOiIxIn0="
        }
      ]
    },
    {
      "mode": "managed",
      "type": "aws_subnet",
      "name": "subnet-01c1d06ee4451e7ff-subnet-01c1d06ee4451e7ff",
      "provider": "provider[\"registry.terraform.io/hashicorp/aws\"]",
      "instances": [
        {
          "schema_version": 1,
          "attributes": {
            "arn": "arn:aws:ec2:us-west-1:965006678408:subnet/subnet-01c1d06ee4451e7ff",
            "assign_ipv6_address_on_creation": false,
            "availability_zone": "us-west-1a",
            "availability_zone_id": "usw1-az3",
            "cidr_block": "10.0.0.0/24",
            "id": "subnet-01c1d06ee4451e7ff",
            "ipv6_cidr_block": "",
            "ipv6_cidr_block_association_id": "",
            "map_public_ip_on_launch": true,
            "outpost_arn": "",
            "owner_id": "965006678408",
            "tags": {},
            "timeouts": {
              "create": null,
              "delete": null
            },
            "vpc_id": "vpc-08ecdd9d68981bee5"
          },
          "private": "eyJlMmJmYjczMC1lY2FhLTExZTYtOGY4OC0zNDM2M2JjN2M0YzAiOnsiY3JlYXRlIjo2MDAwMDAwMDAwMDAsImRlbGV0ZSI6MTIwMDAwMDAwMDAwMH0sInNjaGVtYV92ZXJzaW9uIjoiMSJ9"
        }
      ]
    },
    {
      "mode": "managed",
      "type": "aws_subnet",
      "name": "subnet-082e323ce59d549e3-subnet-082e323ce59d549e3",
      "provider": "provider[\"registry.terraform.io/hashicorp/aws\"]",
      "instances": [
        {
          "schema_version": 1,
          "attributes": {
            "arn": "arn:aws:ec2:us-west-1:965006678408:subnet/subnet-082e323ce59d549e3",
            "assign_ipv6_address_on_creation": false,
            "availability_zone": "us-west-1b",
            "availability_zone_id": "usw1-az1",
            "cidr_block": "10.0.1.0/24",
            "id": "subnet-082e323ce59d549e3",
            "ipv6_cidr_block": "",
            "ipv6_cidr_block_association_id": "",
            "map_public_ip_on_launch": true,
            "outpost_arn": "",
            "owner_id": "965006678408",
            "tags": {},
            "timeouts": {
              "create": null,
              "delete": null
            },
            "vpc_id": "vpc-08ecdd9d68981bee5"
          },
          "private": "eyJlMmJmYjczMC1lY2FhLTExZTYtOGY4OC0zNDM2M2JjN2M0YzAiOnsiY3JlYXRlIjo2MDAwMDAwMDAwMDAsImRlbGV0ZSI6MTIwMDAwMDAwMDAwMH0sInNjaGVtYV92ZXJzaW9uIjoiMSJ9"
        }
      ]
    },
    {
      "mode": "managed",
      "type": "aws_vpc",
      "name": "vpc-08ecdd9d68981bee5",
      "provider": "provider[\"registry.terraform.io/hashicorp/aws\"]",
      "instances": [
        {
          "schema_version": 1,
          "attributes": {
            "arn": "arn:aws:ec2:us-west-1:965006678408:vpc/vpc-08ecdd9d68981bee5",
            "assign_generated_ipv6_cidr_block": false,
            "cidr_block": "10.0.0.0/16",
            "default_network_acl_id": "acl-0194a803dc01eddf3",
            "default_route_table_id": "rtb-0d11efd69a6f5bd54",
            "default_security_group_id": "sg-054dc2a574201ef5b",
            "dhcp_options_id": "dopt-c244afa4",
            "enable_classiclink": false,
            "enable_classiclink_dns_support": false,
            "enable_dns_hostnames": true,
            "enable_dns_support": true,
            "id": "vpc-08ecdd9d68981bee5",
            "instance_tenancy": "default",
            "ipv6_association_id": "",
            "ipv6_cidr_block": "",
            "main_route_table_id": "rtb-0d11efd69a6f5bd54",
            "owner_id": "965006678408",
            "tags": {
              "aws:cloudformation:logical-id": "Vpc",
              "aws:cloudformation:stack-id": "arn:aws:cloudformation:us-west-1:965006678408:stack/EC2ContainerService-sq/d3aade70-00ea-11eb-be79-06621dc34151",
              "aws:cloudformation:stack-name": "EC2ContainerService-sq"
            }
          },
          "private": "eyJzY2hlbWFfdmVyc2lvbiI6IjEifQ=="
        }
      ]
    },
    {
      "mode": "managed",
      "type": "aws_vpc",
      "name": "vpc-c043bba6",
      "provider": "provider[\"registry.terraform.io/hashicorp/aws\"]",
      "instances": [
        {
          "schema_version": 1,
          "attributes": {
            "arn": "arn:aws:ec2:us-west-1:965006678408:vpc/vpc-c043bba6",
            "assign_generated_ipv6_cidr_block": false,
            "cidr_block": "172.31.0.0/16",
            "default_network_acl_id": "acl-870693e1",
            "default_route_table_id": "rtb-b685f2d0",
            "default_security_group_id": "sg-04404b71",
            "dhcp_options_id": "dopt-c244afa4",
            "enable_classiclink": false,
            "enable_classiclink_dns_support": false,
            "enable_dns_hostnames": true,
            "enable_dns_support": true,
            "id": "vpc-c043bba6",
            "instance_tenancy": "default",
            "ipv6_association_id": "",
            "ipv6_cidr_block": "",
            "main_route_table_id": "rtb-b685f2d0",
            "owner_id": "965006678408",
            "tags": {}
          },
          "private": "eyJzY2hlbWFfdmVyc2lvbiI6IjEifQ=="
        }
      ]
    }
  ]
}
